{
  "name": "unrealjs_examples",
  "version": "1.0.0",
  "lockfileVersion": 1,
  "requires": true,
  "dependencies": {
    "convnetjs": {
      "version": "0.3.0",
      "resolved": "https://registry.npmjs.org/convnetjs/-/convnetjs-0.3.0.tgz",
      "integrity": "sha512-qG6VEbJS8FOQFR6xS0NMfUseR3P6GJ/JfAq2Ff8MrpeF5Y2HVmZI6zcakOYz50f34qq2SMumlUhB7gfmypo8lg=="
    },
    "lodash": {
      "version": "4.17.21",
      "resolved": "https://registry.npmjs.org/lodash/-/lodash-4.17.21.tgz",
      "integrity": "sha512-v2kDEe57lecTulaDIuNTPy3Ry4gLGJ6Z1O3vE1krgXZNrsQ+LFTGHVxVjcXPs17LhbZVGedAJv8XZ1tvj5FvSg=="
    },
    "springy": {
      "version": "2.8.0",
      "resolved": "https://registry.npmjs.org/springy/-/springy-2.8.0.tgz",
      "integrity": "sha512-PXtwxjww53H/8c+ng3zxMJwNRN/KPv6DKA8ITHi6lW57gfzty0wV/N8ZeTmgfO0ElfQip8W/1iVZk1d5ne4L+g=="
    }
  }
}
